
Microsoft Visual Studio Solution File, Format Version 12.00
# Visual Studio Version 17
VisualStudioVersion = 17.14.36127.28 d17.14
MinimumVisualStudioVersion = 10.0.40219.1
Project("{FAE04EC0-301F-11D3-BF4B-00C04F79EFBC}") = "SWAD-assignment", "SWAD-assignment.csproj", "{7E882E91-BAAC-4285-B056-3D486F6D891E}"
EndProject
Global
	GlobalSection(SolutionConfigurationPlatforms) = preSolution
		Debug|Any CPU = Debug|Any CPU
		Release|Any CPU = Release|Any CPU
	EndGlobalSection
	GlobalSection(ProjectConfigurationPlatforms) = postSolution
		{7E882E91-BAAC-4285-B056-3D486F6D891E}.Debug|Any CPU.ActiveCfg = Debug|Any CPU
		{7E882E91-BAAC-4285-B056-3D486F6D891E}.Debug|Any CPU.Build.0 = Debug|Any CPU
		{7E882E91-BAAC-4285-B056-3D486F6D891E}.Release|Any CPU.ActiveCfg = Release|Any CPU
		{7E882E91-BAAC-4285-B056-3D486F6D891E}.Release|Any CPU.Build.0 = Release|Any CPU
	EndGlobalSection
	GlobalSection(SolutionProperties) = preSolution
		HideSolutionNode = FALSE
	EndGlobalSection
	GlobalSection(ExtensibilityGlobals) = postSolution
		SolutionGuid = {A4D18200-F19E-4150-A5CF-A7B7D4D61BF9}
	EndGlobalSection
EndGlobal
